# This file is automatically @generated by Cargo.
# It is not intended for manual editing.
version = 3

[[package]]
name = "cfg-if"
version = "1.0.0"
source = "registry+https://github.com/rust-lang/crates.io-index"
checksum = "baf1de4339761588bc0619e3cbc0120ee582ebb74b53b4efbf79117bd2da40fd"

[[package]]
name = "crossbeam-deque"
version = "0.8.5"
source = "registry+https://github.com/rust-lang/crates.io-index"
checksum = "613f8cc01fe9cf1a3eb3d7f488fd2fa8388403e97039e2f73692932e291a770d"
dependencies = [
 "crossbeam-epoch",
 "crossbeam-utils",
]

[[package]]
name = "crossbeam-epoch"
version = "0.9.18"
source = "registry+https://github.com/rust-lang/crates.io-index"
checksum = "5b82ac4a3c2ca9c3460964f020e1402edd5753411d7737aa39c3714ad1b5420e"
dependencies = [
 "crossbeam-utils",
]

[[package]]
name = "crossbeam-utils"
version = "0.8.19"
source = "registry+https://github.com/rust-lang/crates.io-index"
checksum = "248e3bacc7dc6baa3b21e405ee045c3047101a49145e7e9eca583ab4c2ca5345"

[[package]]
name = "either"
version = "1.10.0"
source = "registry+https://github.com/rust-lang/crates.io-index"
checksum = "11157ac094ffbdde99aa67b23417ebdd801842852b500e395a45a9c0aac03e4a"

[[package]]
name = "jxl-bitstream"
version = "0.3.2"
source = "registry+https://github.com/rust-lang/crates.io-index"
checksum = "23ace52f4e7df7cf39e3132da74184a9f2dcd375c01008c28bb5e0af668d3254"
dependencies = [
 "tracing",
]

[[package]]
name = "jxl-coding"
version = "0.3.2"
source = "registry+https://github.com/rust-lang/crates.io-index"
checksum = "720c19e732100891ced54ef3a565dda867cdcbb355fe388e218ff09fda738368"
dependencies = [
 "jxl-bitstream",
 "tracing",
]

[[package]]
name = "jxl-color"
version = "0.6.1"
source = "registry+https://github.com/rust-lang/crates.io-index"
checksum = "9ef54a5228a8f193c8d7aeb341aceffad7d8ddd2469ae8a483029a262d7b45f8"
dependencies = [
 "jxl-bitstream",
 "jxl-coding",
 "jxl-grid",
 "jxl-threadpool",
 "tracing",
]

[[package]]
name = "jxl-frame"
version = "0.8.1"
source = "registry+https://github.com/rust-lang/crates.io-index"
checksum = "fd5c39977033aaa7484dfb14a273c2bd5f4ebf38ba4f344d8d4d5ab33a723956"
dependencies = [
 "jxl-bitstream",
 "jxl-coding",
 "jxl-grid",
 "jxl-image",
 "jxl-modular",
 "jxl-threadpool",
 "jxl-vardct",
 "tracing",
]

[[package]]
name = "jxl-grid"
version = "0.4.1"
source = "registry+https://github.com/rust-lang/crates.io-index"
checksum = "5b25b54442448752e9ccbd5e177da76e84b464054eddef792c44ceb11fc68aba"
dependencies = [
 "tracing",
]

[[package]]
name = "jxl-image"
version = "0.8.1"
source = "registry+https://github.com/rust-lang/crates.io-index"
checksum = "e286d078e21230db8c3c62769bab7f8696168d3718222d1c59b7fea9a87bc7c1"
dependencies = [
 "jxl-bitstream",
 "jxl-color",
 "jxl-grid",
 "tracing",
]

[[package]]
name = "jxl-modular"
version = "0.6.1"
source = "registry+https://github.com/rust-lang/crates.io-index"
checksum = "4274c241d7bf25216f87406d6d7c0f4826ba961eefaaf9a6a3982a235df64837"
dependencies = [
 "jxl-bitstream",
 "jxl-coding",
 "jxl-grid",
 "jxl-threadpool",
 "tracing",
]

[[package]]
name = "jxl-oxide"
version = "0.7.1"
source = "registry+https://github.com/rust-lang/crates.io-index"
checksum = "31e0ad6f1defe2126f33bb24b4dfab84b7ea3dd6720af0399abb75ab4d20a7fb"
dependencies = [
 "jxl-bitstream",
 "jxl-color",
 "jxl-frame",
 "jxl-grid",
 "jxl-image",
 "jxl-render",
 "jxl-threadpool",
 "tracing",
]

[[package]]
name = "jxl-render"
version = "0.7.1"
source = "registry+https://github.com/rust-lang/crates.io-index"
checksum = "90809573df2958b1598601a93e76afc10009419e21948afbd78c74989eb7946d"
dependencies = [
 "jxl-bitstream",
 "jxl-coding",
 "jxl-color",
 "jxl-frame",
 "jxl-grid",
 "jxl-image",
 "jxl-modular",
 "jxl-threadpool",
 "jxl-vardct",
 "tracing",
]

[[package]]
name = "jxl-threadpool"
version = "0.1.1"
source = "registry+https://github.com/rust-lang/crates.io-index"
checksum = "9d2860c68899a3c6266044fc26c6a0041e9f27145f58cc69b6eedc1b77f5ee13"
dependencies = [
 "rayon",
 "rayon-core",
 "tracing",
]

[[package]]
name = "jxl-vardct"
version = "0.6.1"
source = "registry+https://github.com/rust-lang/crates.io-index"
checksum = "4853dae1aaec0e5a5acb0ff1b5e47263dcfcbd40aecf89bc71c34a50f158dfb9"
dependencies = [
 "jxl-bitstream",
 "jxl-coding",
 "jxl-grid",
 "jxl-modular",
 "jxl-threadpool",
 "tracing",
]

[[package]]
name = "jxl-winthumb"
version = "0.2.3"
dependencies = [
 "jxl-oxide",
 "log",
 "simple-logging",
 "windows",
 "winreg",
]

[[package]]
name = "lazy_static"
version = "1.4.0"
source = "registry+https://github.com/rust-lang/crates.io-index"
checksum = "e2abad23fbc42b3700f2f279844dc832adb2b2eb069b2df918f455c4e18cc646"

[[package]]
name = "libc"
version = "0.2.153"
source = "registry+https://github.com/rust-lang/crates.io-index"
checksum = "9c198f91728a82281a64e1f4f9eeb25d82cb32a5de251c6bd1b5154d63a8e7bd"

[[package]]
name = "log"
version = "0.4.21"
source = "registry+https://github.com/rust-lang/crates.io-index"
checksum = "90ed8c1e510134f979dbc4f070f87d4313098b704861a105fe34231c70a3901c"

[[package]]
name = "once_cell"
version = "1.19.0"
source = "registry+https://github.com/rust-lang/crates.io-index"
checksum = "3fdb12b2476b595f9358c5161aa467c2438859caa136dec86c26fdd2efe17b92"

[[package]]
name = "pin-project-lite"
version = "0.2.13"
source = "registry+https://github.com/rust-lang/crates.io-index"
checksum = "8afb450f006bf6385ca15ef45d71d2288452bc3683ce2e2cacc0d18e4be60b58"

[[package]]
name = "proc-macro2"
version = "1.0.78"
source = "registry+https://github.com/rust-lang/crates.io-index"
checksum = "e2422ad645d89c99f8f3e6b88a9fdeca7fabeac836b1002371c4367c8f984aae"
dependencies = [
 "unicode-ident",
]

[[package]]
name = "quote"
version = "1.0.35"
source = "registry+https://github.com/rust-lang/crates.io-index"
checksum = "291ec9ab5efd934aaf503a6466c5d5251535d108ee747472c3977cc5acc868ef"
dependencies = [
 "proc-macro2",
]

[[package]]
name = "rayon"
version = "1.9.0"
source = "registry+https://github.com/rust-lang/crates.io-index"
checksum = "e4963ed1bc86e4f3ee217022bd855b297cef07fb9eac5dfa1f788b220b49b3bd"
dependencies = [
 "either",
 "rayon-core",
]

[[package]]
name = "rayon-core"
version = "1.12.1"
source = "registry+https://github.com/rust-lang/crates.io-index"
checksum = "1465873a3dfdaa8ae7cb14b4383657caab0b3e8a0aa9ae8e04b044854c8dfce2"
dependencies = [
 "crossbeam-deque",
 "crossbeam-utils",
]

[[package]]
name = "redox_syscall"
version = "0.1.57"
source = "registry+https://github.com/rust-lang/crates.io-index"
checksum = "41cc0f7e4d5d4544e8861606a285bb08d3e70712ccc7d2b84d7c0ccfaf4b05ce"

[[package]]
name = "simple-logging"
version = "2.0.2"
source = "registry+https://github.com/rust-lang/crates.io-index"
checksum = "b00d48e85675326bb182a2286ea7c1a0b264333ae10f27a937a72be08628b542"
dependencies = [
 "lazy_static",
 "log",
 "thread-id",
]

[[package]]
name = "syn"
version = "2.0.52"
source = "registry+https://github.com/rust-lang/crates.io-index"
checksum = "b699d15b36d1f02c3e7c69f8ffef53de37aefae075d8488d4ba1a7788d574a07"
dependencies = [
 "proc-macro2",
 "quote",
 "unicode-ident",
]

[[package]]
name = "thread-id"
version = "3.3.0"
source = "registry+https://github.com/rust-lang/crates.io-index"
checksum = "c7fbf4c9d56b320106cd64fd024dadfa0be7cb4706725fc44a7d7ce952d820c1"
dependencies = [
 "libc",
 "redox_syscall",
 "winapi",
]

[[package]]
name = "tracing"
version = "0.1.40"
source = "registry+https://github.com/rust-lang/crates.io-index"
checksum = "c3523ab5a71916ccf420eebdf5521fcef02141234bbc0b8a49f2fdc4544364ef"
dependencies = [
 "pin-project-lite",
 "tracing-core",
]

[[package]]
name = "tracing-core"
version = "0.1.32"
source = "registry+https://github.com/rust-lang/crates.io-index"
checksum = "c06d3da6113f116aaee68e4d601191614c9053067f9ab7f6edbcb161237daa54"
dependencies = [
 "once_cell",
]

[[package]]
name = "unicode-ident"
version = "1.0.12"
source = "registry+https://github.com/rust-lang/crates.io-index"
checksum = "3354b9ac3fae1ff6755cb6db53683adb661634f67557942dea4facebec0fee4b"

[[package]]
name = "winapi"
version = "0.3.9"
source = "registry+https://github.com/rust-lang/crates.io-index"
checksum = "5c839a674fcd7a98952e593242ea400abe93992746761e38641405d28b00f419"
dependencies = [
 "winapi-i686-pc-windows-gnu",
 "winapi-x86_64-pc-windows-gnu",
]

[[package]]
name = "winapi-i686-pc-windows-gnu"
version = "0.4.0"
source = "registry+https://github.com/rust-lang/crates.io-index"
checksum = "ac3b87c63620426dd9b991e5ce0329eff545bccbbb34f3be09ff6fb6ab51b7b6"

[[package]]
name = "winapi-x86_64-pc-windows-gnu"
version = "0.4.0"
source = "registry+https://github.com/rust-lang/crates.io-index"
checksum = "712e227841d057c1ee1cd2fb22fa7e5a5461ae8e48fa2ca79ec42cfc1931183f"

[[package]]
name = "windows"
version = "0.54.0"
source = "registry+https://github.com/rust-lang/crates.io-index"
checksum = "9252e5725dbed82865af151df558e754e4a3c2c30818359eb17465f1346a1b49"
dependencies = [
 "windows-core",
 "windows-implement",
 "windows-interface",
 "windows-targets 0.52.4",
]

[[package]]
name = "windows-core"
version = "0.54.0"
source = "registry+https://github.com/rust-lang/crates.io-index"
checksum = "12661b9c89351d684a50a8a643ce5f608e20243b9fb84687800163429f161d65"
dependencies = [
 "windows-result",
 "windows-targets 0.52.4",
]

[[package]]
name = "windows-implement"
version = "0.53.0"
source = "registry+https://github.com/rust-lang/crates.io-index"
checksum = "942ac266be9249c84ca862f0a164a39533dc2f6f33dc98ec89c8da99b82ea0bd"
dependencies = [
 "proc-macro2",
 "quote",
 "syn",
]

[[package]]
name = "windows-interface"
version = "0.53.0"
source = "registry+https://github.com/rust-lang/crates.io-index"
checksum = "da33557140a288fae4e1d5f8873aaf9eb6613a9cf82c3e070223ff177f598b60"
dependencies = [
 "proc-macro2",
 "quote",
 "syn",
]

[[package]]
name = "windows-result"
version = "0.1.0"
source = "registry+https://github.com/rust-lang/crates.io-index"
checksum = "cd19df78e5168dfb0aedc343d1d1b8d422ab2db6756d2dc3fef75035402a3f64"
dependencies = [
 "windows-targets 0.52.4",
]

[[package]]
name = "windows-sys"
version = "0.48.0"
source = "registry+https://github.com/rust-lang/crates.io-index"
checksum = "677d2418bec65e3338edb076e806bc1ec15693c5d0104683f2efe857f61056a9"
dependencies = [
 "windows-targets 0.48.5",
]

[[package]]
name = "windows-targets"
version = "0.48.5"
source = "registry+https://github.com/rust-lang/crates.io-index"
checksum = "9a2fa6e2155d7247be68c096456083145c183cbbbc2764150dda45a87197940c"
dependencies = [
 "windows_aarch64_gnullvm 0.48.5",
 "windows_aarch64_msvc 0.48.5",
 "windows_i686_gnu 0.48.5",
 "windows_i686_msvc 0.48.5",
 "windows_x86_64_gnu 0.48.5",
 "windows_x86_64_gnullvm 0.48.5",
 "windows_x86_64_msvc 0.48.5",
]

[[package]]
name = "windows-targets"
version = "0.52.4"
source = "registry+https://github.com/rust-lang/crates.io-index"
checksum = "7dd37b7e5ab9018759f893a1952c9420d060016fc19a472b4bb20d1bdd694d1b"
dependencies = [
 "windows_aarch64_gnullvm 0.52.4",
 "windows_aarch64_msvc 0.52.4",
 "windows_i686_gnu 0.52.4",
 "windows_i686_msvc 0.52.4",
 "windows_x86_64_gnu 0.52.4",
 "windows_x86_64_gnullvm 0.52.4",
 "windows_x86_64_msvc 0.52.4",
]

[[package]]
name = "windows_aarch64_gnullvm"
version = "0.48.5"
source = "registry+https://github.com/rust-lang/crates.io-index"
checksum = "2b38e32f0abccf9987a4e3079dfb67dcd799fb61361e53e2882c3cbaf0d905d8"

[[package]]
name = "windows_aarch64_gnullvm"
version = "0.52.4"
source = "registry+https://github.com/rust-lang/crates.io-index"
checksum = "bcf46cf4c365c6f2d1cc93ce535f2c8b244591df96ceee75d8e83deb70a9cac9"

[[package]]
name = "windows_aarch64_msvc"
version = "0.48.5"
source = "registry+https://github.com/rust-lang/crates.io-index"
checksum = "dc35310971f3b2dbbf3f0690a219f40e2d9afcf64f9ab7cc1be722937c26b4bc"

[[package]]
name = "windows_aarch64_msvc"
version = "0.52.4"
source = "registry+https://github.com/rust-lang/crates.io-index"
checksum = "da9f259dd3bcf6990b55bffd094c4f7235817ba4ceebde8e6d11cd0c5633b675"

[[package]]
name = "windows_i686_gnu"
version = "0.48.5"
source = "registry+https://github.com/rust-lang/crates.io-index"
checksum = "a75915e7def60c94dcef72200b9a8e58e5091744960da64ec734a6c6e9b3743e"

[[package]]
name = "windows_i686_gnu"
version = "0.52.4"
source = "registry+https://github.com/rust-lang/crates.io-index"
checksum = "b474d8268f99e0995f25b9f095bc7434632601028cf86590aea5c8a5cb7801d3"

[[package]]
name = "windows_i686_msvc"
version = "0.48.5"
source = "registry+https://github.com/rust-lang/crates.io-index"
checksum = "8f55c233f70c4b27f66c523580f78f1004e8b5a8b659e05a4eb49d4166cca406"

[[package]]
name = "windows_i686_msvc"
version = "0.52.4"
source = "registry+https://github.com/rust-lang/crates.io-index"
checksum = "1515e9a29e5bed743cb4415a9ecf5dfca648ce85ee42e15873c3cd8610ff8e02"

[[package]]
name = "windows_x86_64_gnu"
version = "0.48.5"
source = "registry+https://github.com/rust-lang/crates.io-index"
checksum = "53d40abd2583d23e4718fddf1ebec84dbff8381c07cae67ff7768bbf19c6718e"

[[package]]
name = "windows_x86_64_gnu"
version = "0.52.4"
source = "registry+https://github.com/rust-lang/crates.io-index"
checksum = "5eee091590e89cc02ad514ffe3ead9eb6b660aedca2183455434b93546371a03"

[[package]]
name = "windows_x86_64_gnullvm"
version = "0.48.5"
source = "registry+https://github.com/rust-lang/crates.io-index"
checksum = "0b7b52767868a23d5bab768e390dc5f5c55825b6d30b86c844ff2dc7414044cc"

[[package]]
name = "windows_x86_64_gnullvm"
version = "0.52.4"
source = "registry+https://github.com/rust-lang/crates.io-index"
checksum = "77ca79f2451b49fa9e2af39f0747fe999fcda4f5e241b2898624dca97a1f2177"

[[package]]
name = "windows_x86_64_msvc"
version = "0.48.5"
source = "registry+https://github.com/rust-lang/crates.io-index"
checksum = "ed94fce61571a4006852b7389a063ab983c02eb1bb37b47f8272ce92d06d9538"

[[package]]
name = "windows_x86_64_msvc"
version = "0.52.4"
source = "registry+https://github.com/rust-lang/crates.io-index"
checksum = "32b752e52a2da0ddfbdbcc6fceadfeede4c939ed16d13e648833a61dfb611ed8"

[[package]]
name = "winreg"
version = "0.52.0"
source = "registry+https://github.com/rust-lang/crates.io-index"
checksum = "a277a57398d4bfa075df44f501a17cfdf8542d224f0d36095a2adc7aee4ef0a5"
dependencies = [
 "cfg-if",
 "windows-sys",
]
